
Microsoft Visual Studio Solution File, Format Version 12.00
# Visual Studio Version 16
VisualStudioVersion = 16.0.30413.136
MinimumVisualStudioVersion = 10.0.40219.1
Project("{9A19103F-16F7-4668-BE54-9A1E7A4F7556}") = "CP.API", "CP.API.csproj", "{9777F18F-68E3-4FEE-A9AF-C518D48C6DC8}"
EndProject
Global
	GlobalSection(SolutionConfigurationPlatforms) = preSolution
		Debug|Any CPU = Debug|Any CPU
		Release|Any CPU = Release|Any CPU
	EndGlobalSection
	GlobalSection(ProjectConfigurationPlatforms) = postSolution
		{9777F18F-68E3-4FEE-A9AF-C518D48C6DC8}.Debug|Any CPU.ActiveCfg = Debug|Any CPU
		{9777F18F-68E3-4FEE-A9AF-C518D48C6DC8}.Debug|Any CPU.Build.0 = Debug|Any CPU
		{9777F18F-68E3-4FEE-A9AF-C518D48C6DC8}.Release|Any CPU.ActiveCfg = Release|Any CPU
		{9777F18F-68E3-4FEE-A9AF-C518D48C6DC8}.Release|Any CPU.Build.0 = Release|Any CPU
	EndGlobalSection
	GlobalSection(SolutionProperties) = preSolution
		HideSolutionNode = FALSE
	EndGlobalSection
	GlobalSection(ExtensibilityGlobals) = postSolution
		SolutionGuid = {F5A155E1-06EC-441C-887C-4C1855B6D0A1}
	EndGlobalSection
EndGlobal
